
Microsoft Visual Studio Solution File, Format Version 12.00
# Visual Studio Version 17
VisualStudioVersion = 17.5.33414.496
MinimumVisualStudioVersion = 10.0.40219.1
Project("{FAE04EC0-301F-11D3-BF4B-00C04F79EFBC}") = "DemoDockerWeb", "DemoDockerWeb\DemoDockerWeb.csproj", "{1AD55BC4-BE5E-4BD5-8041-48D1C33DAF6F}"
EndProject
Global
	GlobalSection(SolutionConfigurationPlatforms) = preSolution
		Debug|Any CPU = Debug|Any CPU
		Release|Any CPU = Release|Any CPU
	EndGlobalSection
	GlobalSection(ProjectConfigurationPlatforms) = postSolution
		{1AD55BC4-BE5E-4BD5-8041-48D1C33DAF6F}.Debug|Any CPU.ActiveCfg = Debug|Any CPU
		{1AD55BC4-BE5E-4BD5-8041-48D1C33DAF6F}.Debug|Any CPU.Build.0 = Debug|Any CPU
		{1AD55BC4-BE5E-4BD5-8041-48D1C33DAF6F}.Release|Any CPU.ActiveCfg = Release|Any CPU
		{1AD55BC4-BE5E-4BD5-8041-48D1C33DAF6F}.Release|Any CPU.Build.0 = Release|Any CPU
	EndGlobalSection
	GlobalSection(SolutionProperties) = preSolution
		HideSolutionNode = FALSE
	EndGlobalSection
	GlobalSection(ExtensibilityGlobals) = postSolution
		SolutionGuid = {E9538A54-DDE2-4C52-B3A7-2FFF215030A9}
	EndGlobalSection
EndGlobal
